
Microsoft Visual Studio Solution File, Format Version 12.00
# Visual Studio Version 16
VisualStudioVersion = 16.0.29509.3
MinimumVisualStudioVersion = 10.0.40219.1
Project("{FAE04EC0-301F-11D3-BF4B-00C04F79EFBC}") = "LoveRedPacket", "LoveRedPacket\LoveRedPacket.csproj", "{1CAE9161-28BD-4724-AFFC-8D1399A556BE}"
EndProject
Global
	GlobalSection(SolutionConfigurationPlatforms) = preSolution
		Debug|Any CPU = Debug|Any CPU
		Release|Any CPU = Release|Any CPU
	EndGlobalSection
	GlobalSection(ProjectConfigurationPlatforms) = postSolution
		{1CAE9161-28BD-4724-AFFC-8D1399A556BE}.Debug|Any CPU.ActiveCfg = Debug|Any CPU
		{1CAE9161-28BD-4724-AFFC-8D1399A556BE}.Debug|Any CPU.Build.0 = Debug|Any CPU
		{1CAE9161-28BD-4724-AFFC-8D1399A556BE}.Release|Any CPU.ActiveCfg = Release|Any CPU
		{1CAE9161-28BD-4724-AFFC-8D1399A556BE}.Release|Any CPU.Build.0 = Release|Any CPU
	EndGlobalSection
	GlobalSection(SolutionProperties) = preSolution
		HideSolutionNode = FALSE
	EndGlobalSection
	GlobalSection(ExtensibilityGlobals) = postSolution
		SolutionGuid = {0B13094B-02A1-4E8D-80F0-3F4216C81980}
	EndGlobalSection
EndGlobal
